// !$*UTF8*$!
{
	archiveVersion = 1;
	classes = {
	};
	objectVersion = 46;
	objects = {

/* Begin PBXBuildFile section */
		45D7A3301DB460F40057639F /* main.cpp in Sources */ = {isa = PBXBuildFile; fileRef = 45D7A32F1DB460F40057639F /* main.cpp */; };
		45D7A3381DB46C860057639F /* Student.cpp in Sources */ = {isa = PBXBuildFile; fileRef = 45D7A3361DB46C860057639F /* Student.cpp */; };
		45D7A33B1DB46CD90057639F /* Car.cpp in Sources */ = {isa = PBXBuildFile; fileRef = 45D7A3391DB46CD90057639F /* Car.cpp */; };
		45D7A3411DB478070057639F /* Martain.cpp in Sources */ = {isa = PBXBuildFile; fileRef = 45D7A33F1DB478070057639F /* Martain.cpp */; };
		45D7A3441DB47CE60057639F /* ZhanToMalloc.cpp in Sources */ = {isa = PBXBuildFile; fileRef = 45D7A3421DB47CE60057639F /* ZhanToMalloc.cpp */; };
		45D7A3471DB4843A0057639F /* Memory.cpp in Sources */ = {isa = PBXBuildFile; fileRef = 45D7A3451DB4843A0057639F /* Memory.cpp */; };
/* End PBXBuildFile section */

/* Begin PBXCopyFilesBuildPhase section */
		45D7A32A1DB460F40057639F /* CopyFiles */ = {
			isa = PBXCopyFilesBuildPhase;
			buildActionMask = 2147483647;
			dstPath = /usr/share/man/man1/;
			dstSubfolderSpec = 0;
			files = (
			);
			runOnlyForDeploymentPostprocessing = 1;
		};
/* End PBXCopyFilesBuildPhase section */

/* Begin PBXFileReference section */
		45D7A32C1DB460F40057639F /* MyCplusFengZhuang */ = {isa = PBXFileReference; explicitFileType = "compiled.mach-o.executable"; includeInIndex = 0; path = MyCplusFengZhuang; sourceTree = BUILT_PRODUCTS_DIR; };
		45D7A32F1DB460F40057639F /* main.cpp */ = {isa = PBXFileReference; lastKnownFileType = sourcecode.cpp.cpp; path = main.cpp; sourceTree = "<group>"; };
		45D7A3361DB46C860057639F /* Student.cpp */ = {isa = PBXFileReference; fileEncoding = 4; lastKnownFileType = sourcecode.cpp.cpp; path = Student.cpp; sourceTree = "<group>"; };
		45D7A3371DB46C860057639F /* Student.hpp */ = {isa = PBXFileReference; fileEncoding = 4; lastKnownFileType = sourcecode.cpp.h; path = Student.hpp; sourceTree = "<group>"; };
		45D7A3391DB46CD90057639F /* Car.cpp */ = {isa = PBXFileReference; fileEncoding = 4; lastKnownFileType = sourcecode.cpp.cpp; path = Car.cpp; sourceTree = "<group>"; };
		45D7A33A1DB46CD90057639F /* Car.hpp */ = {isa = PBXFileReference; fileEncoding = 4; lastKnownFileType = sourcecode.cpp.h; path = Car.hpp; sourceTree = "<group>"; };
		45D7A33F1DB478070057639F /* Martain.cpp */ = {isa = PBXFileReference; fileEncoding = 4; lastKnownFileType = sourcecode.cpp.cpp; path = Martain.cpp; sourceTree = "<group>"; };
		45D7A3401DB478070057639F /* Martain.hpp */ = {isa = PBXFileReference; fileEncoding = 4; lastKnownFileType = sourcecode.cpp.h; path = Martain.hpp; sourceTree = "<group>"; };
		45D7A3421DB47CE60057639F /* ZhanToMalloc.cpp */ = {isa = PBXFileReference; fileEncoding = 4; lastKnownFileType = sourcecode.cpp.cpp; path = ZhanToMalloc.cpp; sourceTree = "<group>"; };
		45D7A3431DB47CE60057639F /* ZhanToMalloc.hpp */ = {isa = PBXFileReference; fileEncoding = 4; lastKnownFileType = sourcecode.cpp.h; path = ZhanToMalloc.hpp; sourceTree = "<group>"; };
		45D7A3451DB4843A0057639F /* Memory.cpp */ = {isa = PBXFileReference; fileEncoding = 4; lastKnownFileType = sourcecode.cpp.cpp; path = Memory.cpp; sourceTree = "<group>"; };
		45D7A3461DB4843A0057639F /* Memory.hpp */ = {isa = PBXFileReference; fileEncoding = 4; lastKnownFileType = sourcecode.cpp.h; path = Memory.hpp; sourceTree = "<group>"; };
/* End PBXFileReference section */

/* Begin PBXFrameworksBuildPhase section */
		45D7A3291DB460F40057639F /* Frameworks */ = {
			isa = PBXFrameworksBuildPhase;
			buildActionMask = 2147483647;
			files = (
			);
			runOnlyForDeploymentPostprocessing = 0;
		};
/* End PBXFrameworksBuildPhase section */

/* Begin PBXGroup section */
		45D7A3231DB460F40057639F = {
			isa = PBXGroup;
			children = (
				45D7A32E1DB460F40057639F /* MyCplusFengZhuang */,
				45D7A32D1DB460F40057639F /* Products */,
			);
			sourceTree = "<group>";
		};
		45D7A32D1DB460F40057639F /* Products */ = {
			isa = PBXGroup;
			children = (
				45D7A32C1DB460F40057639F /* MyCplusFengZhuang */,
			);
			name = Products;
			sourceTree = "<group>";
		};
		45D7A32E1DB460F40057639F /* MyCplusFengZhuang */ = {
			isa = PBXGroup;
			children = (
				45D7A32F1DB460F40057639F /* main.cpp */,
				45D7A3421DB47CE60057639F /* ZhanToMalloc.cpp */,
				45D7A3431DB47CE60057639F /* ZhanToMalloc.hpp */,
				45D7A3451DB4843A0057639F /* Memory.cpp */,
				45D7A3461DB4843A0057639F /* Memory.hpp */,
				45D7A33F1DB478070057639F /* Martain.cpp */,
				45D7A3401DB478070057639F /* Martain.hpp */,
				45D7A3391DB46CD90057639F /* Car.cpp */,
				45D7A33A1DB46CD90057639F /* Car.hpp */,
				45D7A3361DB46C860057639F /* Student.cpp */,
				45D7A3371DB46C860057639F /* Student.hpp */,
			);
			path = MyCplusFengZhuang;
			sourceTree = "<group>";
		};
/* End PBXGroup section */

/* Begin PBXNativeTarget section */
		45D7A32B1DB460F40057639F /* MyCplusFengZhuang */ = {
			isa = PBXNativeTarget;
			buildConfigurationList = 45D7A3331DB460F40057639F /* Build configuration list for PBXNativeTarget "MyCplusFengZhuang" */;
			buildPhases = (
				45D7A3281DB460F40057639F /* Sources */,
				45D7A3291DB460F40057639F /* Frameworks */,
				45D7A32A1DB460F40057639F /* CopyFiles */,
			);
			buildRules = (
			);
			dependencies = (
			);
			name = MyCplusFengZhuang;
			productName = MyCplusFengZhuang;
			productReference = 45D7A32C1DB460F40057639F /* MyCplusFengZhuang */;
			productType = "com.apple.product-type.tool";
		};
/* End PBXNativeTarget section */

/* Begin PBXProject section */
		45D7A3241DB460F40057639F /* Project object */ = {
			isa = PBXProject;
			attributes = {
				LastUpgradeCheck = 0800;
				ORGANIZATIONNAME = bjcric;
				TargetAttributes = {
					45D7A32B1DB460F40057639F = {
						CreatedOnToolsVersion = 8.0;
						DevelopmentTeam = 58W4HKZ65K;
						ProvisioningStyle = Automatic;
					};
				};
			};
			buildConfigurationList = 45D7A3271DB460F40057639F /* Build configuration list for PBXProject "MyCplusFengZhuang" */;
			compatibilityVersion = "Xcode 3.2";
			developmentRegion = English;
			hasScannedForEncodings = 0;
			knownRegions = (
				en,
			);
			mainGroup = 45D7A3231DB460F40057639F;
			productRefGroup = 45D7A32D1DB460F40057639F /* Products */;
			projectDirPath = "";
			projectRoot = "";
			targets = (
				45D7A32B1DB460F40057639F /* MyCplusFengZhuang */,
			);
		};
/* End PBXProject section */

/* Begin PBXSourcesBuildPhase section */
		45D7A3281DB460F40057639F /* Sources */ = {
			isa = PBXSourcesBuildPhase;
			buildActionMask = 2147483647;
			files = (
				45D7A3471DB4843A0057639F /* Memory.cpp in Sources */,
				45D7A33B1DB46CD90057639F /* Car.cpp in Sources */,
				45D7A3301DB460F40057639F /* main.cpp in Sources */,
				45D7A3381DB46C860057639F /* Student.cpp in Sources */,
				45D7A3441DB47CE60057639F /* ZhanToMalloc.cpp in Sources */,
				45D7A3411DB478070057639F /* Martain.cpp in Sources */,
			);
			runOnlyForDeploymentPostprocessing = 0;
		};
/* End PBXSourcesBuildPhase section */

/* Begin XCBuildConfiguration section */
		45D7A3311DB460F40057639F /* Debug */ = {
			isa = XCBuildConfiguration;
			buildSettings = {
				ALWAYS_SEARCH_USER_PATHS = NO;
				CLANG_ANALYZER_NONNULL = YES;
				CLANG_CXX_LANGUAGE_STANDARD = "gnu++0x";
				CLANG_CXX_LIBRARY = "libc++";
				CLANG_ENABLE_MODULES = YES;
				CLANG_ENABLE_OBJC_ARC = YES;
				CLANG_WARN_BOOL_CONVERSION = YES;
				CLANG_WARN_CONSTANT_CONVERSION = YES;
				CLANG_WARN_DIRECT_OBJC_ISA_USAGE = YES_ERROR;
				CLANG_WARN_DOCUMENTATION_COMMENTS = YES;
				CLANG_WARN_EMPTY_BODY = YES;
				CLANG_WARN_ENUM_CONVERSION = YES;
				CLANG_WARN_INFINITE_RECURSION = YES;
				CLANG_WARN_INT_CONVERSION = YES;
				CLANG_WARN_OBJC_ROOT_CLASS = YES_ERROR;
				CLANG_WARN_SUSPICIOUS_MOVES = YES;
				CLANG_WARN_UNREACHABLE_CODE = YES;
				CLANG_WARN__DUPLICATE_METHOD_MATCH = YES;
				CODE_SIGN_IDENTITY = "-";
				COPY_PHASE_STRIP = NO;
				DEBUG_INFORMATION_FORMAT = dwarf;
				ENABLE_STRICT_OBJC_MSGSEND = YES;
				ENABLE_TESTABILITY = YES;
				GCC_C_LANGUAGE_STANDARD = gnu99;
				GCC_DYNAMIC_NO_PIC = NO;
				GCC_NO_COMMON_BLOCKS = YES;
				GCC_OPTIMIZATION_LEVEL = 0;
				GCC_PREPROCESSOR_DEFINITIONS = (
					"DEBUG=1",
					"$(inherited)",
				);
				GCC_WARN_64_TO_32_BIT_CONVERSION = YES;
				GCC_WARN_ABOUT_RETURN_TYPE = YES_ERROR;
				GCC_WARN_UNDECLARED_SELECTOR = YES;
				GCC_WARN_UNINITIALIZED_AUTOS = YES_AGGRESSIVE;
				GCC_WARN_UNUSED_FUNCTION = YES;
				GCC_WARN_UNUSED_VARIABLE = YES;
				MACOSX_DEPLOYMENT_TARGET = 10.12;
				MTL_ENABLE_DEBUG_INFO = YES;
				ONLY_ACTIVE_ARCH = YES;
				SDKROOT = macosx;
			};
			name = Debug;
		};
		45D7A3321DB460F40057639F /* Release */ = {
			isa = XCBuildConfiguration;
			buildSettings = {
				ALWAYS_SEARCH_USER_PATHS = NO;
				CLANG_ANALYZER_NONNULL = YES;
				CLANG_CXX_LANGUAGE_STANDARD = "gnu++0x";
				CLANG_CXX_LIBRARY = "libc++";
				CLANG_ENABLE_MODULES = YES;
				CLANG_ENABLE_OBJC_ARC = YES;
				CLANG_WARN_BOOL_CONVERSION = YES;
				CLANG_WARN_CONSTANT_CONVERSION = YES;
				CLANG_WARN_DIRECT_OBJC_ISA_USAGE = YES_ERROR;
				CLANG_WARN_DOCUMENTATION_COMMENTS = YES;
				CLANG_WARN_EMPTY_BODY = YES;
				CLANG_WARN_ENUM_CONVERSION = YES;
				CLANG_WARN_INFINITE_RECURSION = YES;
				CLANG_WARN_INT_CONVERSION = YES;
				CLANG_WARN_OBJC_ROOT_CLASS = YES_ERROR;
				CLANG_WARN_SUSPICIOUS_MOVES = YES;
				CLANG_WARN_UNREACHABLE_CODE = YES;
				CLANG_WARN__DUPLICATE_METHOD_MATCH = YES;
				CODE_SIGN_IDENTITY = "-";
				COPY_PHASE_STRIP = NO;
				DEBUG_INFORMATION_FORMAT = "dwarf-with-dsym";
				ENABLE_NS_ASSERTIONS = NO;
				ENABLE_STRICT_OBJC_MSGSEND = YES;
				GCC_C_LANGUAGE_STANDARD = gnu99;
				GCC_NO_COMMON_BLOCKS = YES;
				GCC_WARN_64_TO_32_BIT_CONVERSION = YES;
				GCC_WARN_ABOUT_RETURN_TYPE = YES_ERROR;
				GCC_WARN_UNDECLARED_SELECTOR = YES;
				GCC_WARN_UNINITIALIZED_AUTOS = YES_AGGRESSIVE;
				GCC_WARN_UNUSED_FUNCTION = YES;
				GCC_WARN_UNUSED_VARIABLE = YES;
				MACOSX_DEPLOYMENT_TARGET = 10.12;
				MTL_ENABLE_DEBUG_INFO = NO;
				SDKROOT = macosx;
			};
			name = Release;
		};
		45D7A3341DB460F40057639F /* Debug */ = {
			isa = XCBuildConfiguration;
			buildSettings = {
				DEVELOPMENT_TEAM = 58W4HKZ65K;
				PRODUCT_NAME = "$(TARGET_NAME)";
			};
			name = Debug;
		};
		45D7A3351DB460F40057639F /* Release */ = {
			isa = XCBuildConfiguration;
			buildSettings = {
				DEVELOPMENT_TEAM = 58W4HKZ65K;
				PRODUCT_NAME = "$(TARGET_NAME)";
			};
			name = Release;
		};
/* End XCBuildConfiguration section */

/* Begin XCConfigurationList section */
		45D7A3271DB460F40057639F /* Build configuration list for PBXProject "MyCplusFengZhuang" */ = {
			isa = XCConfigurationList;
			buildConfigurations = (
				45D7A3311DB460F40057639F /* Debug */,
				45D7A3321DB460F40057639F /* Release */,
			);
			defaultConfigurationIsVisible = 0;
			defaultConfigurationName = Release;
		};
		45D7A3331DB460F40057639F /* Build configuration list for PBXNativeTarget "MyCplusFengZhuang" */ = {
			isa = XCConfigurationList;
			buildConfigurations = (
				45D7A3341DB460F40057639F /* Debug */,
				45D7A3351DB460F40057639F /* Release */,
			);
			defaultConfigurationIsVisible = 0;
		};
/* End XCConfigurationList section */
	};
	rootObject = 45D7A3241DB460F40057639F /* Project object */;
}
